
Microsoft Visual Studio Solution File, Format Version 12.00
# Visual Studio Version 17
VisualStudioVersion = 17.11.35222.181
MinimumVisualStudioVersion = 10.0.40219.1
Project("{FAE04EC0-301F-11D3-BF4B-00C04F79EFBC}") = "Week8EpicGame", "Week8EpicGame\Week8EpicGame.csproj", "{91F6DC81-CCAD-49E5-AE4C-178F38330DEE}"
EndProject
Global
	GlobalSection(SolutionConfigurationPlatforms) = preSolution
		Debug|Any CPU = Debug|Any CPU
		Release|Any CPU = Release|Any CPU
	EndGlobalSection
	GlobalSection(ProjectConfigurationPlatforms) = postSolution
		{91F6DC81-CCAD-49E5-AE4C-178F38330DEE}.Debug|Any CPU.ActiveCfg = Debug|Any CPU
		{91F6DC81-CCAD-49E5-AE4C-178F38330DEE}.Debug|Any CPU.Build.0 = Debug|Any CPU
		{91F6DC81-CCAD-49E5-AE4C-178F38330DEE}.Release|Any CPU.ActiveCfg = Release|Any CPU
		{91F6DC81-CCAD-49E5-AE4C-178F38330DEE}.Release|Any CPU.Build.0 = Release|Any CPU
	EndGlobalSection
	GlobalSection(SolutionProperties) = preSolution
		HideSolutionNode = FALSE
	EndGlobalSection
	GlobalSection(ExtensibilityGlobals) = postSolution
		SolutionGuid = {846F3C1C-301C-4673-AC4B-C7748E65C92E}
	EndGlobalSection
EndGlobal
